lockfileVersion: '9.0'

settings:
  autoInstallPeers: true
  excludeLinksFromLockfile: false

importers:

  .:
    dependencies:
      '@openai/codex-sdk':
        specifier: ^0.130.0
        version: 0.130.0
      yaml:
        specifier: ^2.8.3
        version: 2.8.3
    devDependencies:
      '@types/node':
        specifier: ^22
        version: 22.19.17
      typescript:
        specifier: ^5.8
        version: 5.9.3

packages:

  '@openai/codex-sdk@0.130.0':
    resolution: {integrity: sha512-ICKaZ5zrIDg71AiQcsUToVoe5Icmrc3LwSM5+2z7Cf8F1x6nOaY7/ucpFlr4aH8oDe7t3dangc+MsWZTkdvDFw==}
    engines: {node: '>=18'}

  '@openai/codex@0.130.0':
    resolution: {integrity: sha512-WGDj+RZ3TXWC/7MlwprgLWOqzpwatPIINPhP3IRzHA0ni+o3QZ4i4xrS2uWwGmHUJ395J5JHwoZAAZYyfJyz6w==}
    engines: {node: '>=16'}
    hasBin: true

  '@openai/codex@0.130.0-darwin-arm64':
    resolution: {integrity: sha512-R9pkGC7kwC8yQ8el5hvBlmugQlcsG/pHMEFgZluu03X9fD2TezGxdq3KqRDRCZuMYl07ILamVEoqknuJ0cq7MA==}
    engines: {node: '>=16'}
    cpu: [arm64]
    os: [darwin]

  '@openai/codex@0.130.0-darwin-x64':
    resolution: {integrity: sha512-gJ+7J8djevgtdra+NgDAiQQPW+O3KTsgGfE3E5dpDfww3zS5OCeV0V2dhxqnJdlOjOSDw99o0P2LqBv19mhpRw==}
    engines: {node: '>=16'}
    cpu: [x64]
    os: [darwin]

  '@openai/codex@0.130.0-linux-arm64':
    resolution: {integrity: sha512-tFtH0V9/hEI3d9y7zP92BXI9FM4Z3+STNQaOR52Czv18TRtCFUp7CbIUYaToopuq6UBfnE1VKr8RLhwT5FcbmA==}
    engines: {node: '>=16'}
    cpu: [arm64]
    os: [linux]

  '@openai/codex@0.130.0-linux-x64':
    resolution: {integrity: sha512-3VcNlez99xdnEf+kB1IOpWv9fICYV9PiGj4sLCO4TCcShLnyxe+YBGa3poknkvXLnMG0qiN9SMnYS2FGrMxQcA==}
    engines: {node: '>=16'}
    cpu: [x64]
    os: [linux]

  '@openai/codex@0.130.0-win32-arm64':
    resolution: {integrity: sha512-vdpmiNp57L/arZabltLXn8TyEtNa7W1meOEkr+3R6W/8ZyBt++wuqz1Orv134OT2grrcFJsIVCAIPiqUxCvBkA==}
    engines: {node: '>=16'}
    cpu: [arm64]
    os: [win32]

  '@openai/codex@0.130.0-win32-x64':
    resolution: {integrity: sha512-FzMznm7fr5/nbjZgOujZ9Y9AbdGm7ji1FOoWiY3U+srqauvZaTgn6o6aCheSL7kuymu7nTLOO/cAyWV6NuesqQ==}
    engines: {node: '>=16'}
    cpu: [x64]
    os: [win32]

  '@types/node@22.19.17':
    resolution: {integrity: sha512-wGdMcf+vPYM6jikpS/qhg6WiqSV/OhG+jeeHT/KlVqxYfD40iYJf9/AE1uQxVWFvU7MipKRkRv8NSHiCGgPr8Q==}

  typescript@5.9.3:
    resolution: {integrity: sha512-jl1vZzPDinLr9eUt3J/t7V6FgNEw9QjvBPdysz9KfQDD41fQrC2Y4vKQdiaUpFT4bXlb1RHhLpp8wtm6M5TgSw==}
    engines: {node: '>=14.17'}
    hasBin: true

  undici-types@6.21.0:
    resolution: {integrity: sha512-iwDZqg0QAGrg9Rav5H4n0M64c3mkR59cJ6wQp+7C4nI0gsmExaedaYLNO44eT4AtBBwjbTiGPMlt2Md0T9H9JQ==}

  yaml@2.8.3:
    resolution: {integrity: sha512-AvbaCLOO2Otw/lW5bmh9d/WEdcDFdQp2Z2ZUH3pX9U2ihyUY0nvLv7J6TrWowklRGPYbB/IuIMfYgxaCPg5Bpg==}
    engines: {node: '>= 14.6'}
    hasBin: true

snapshots:

  '@openai/codex-sdk@0.130.0':
    dependencies:
      '@openai/codex': 0.130.0

  '@openai/codex@0.130.0':
    optionalDependencies:
      '@openai/codex-darwin-arm64': '@openai/codex@0.130.0-darwin-arm64'
      '@openai/codex-darwin-x64': '@openai/codex@0.130.0-darwin-x64'
      '@openai/codex-linux-arm64': '@openai/codex@0.130.0-linux-arm64'
      '@openai/codex-linux-x64': '@openai/codex@0.130.0-linux-x64'
      '@openai/codex-win32-arm64': '@openai/codex@0.130.0-win32-arm64'
      '@openai/codex-win32-x64': '@openai/codex@0.130.0-win32-x64'

  '@openai/codex@0.130.0-darwin-arm64':
    optional: true

  '@openai/codex@0.130.0-darwin-x64':
    optional: true

  '@openai/codex@0.130.0-linux-arm64':
    optional: true

  '@openai/codex@0.130.0-linux-x64':
    optional: true

  '@openai/codex@0.130.0-win32-arm64':
    optional: true

  '@openai/codex@0.130.0-win32-x64':
    optional: true

  '@types/node@22.19.17':
    dependencies:
      undici-types: 6.21.0

  typescript@5.9.3: {}

  undici-types@6.21.0: {}

  yaml@2.8.3: {}
